<?xml version="1.0" encoding="utf-8"?>
<Project ToolsVersion="4.0" xmlns="http://schemas.microsoft.com/developer/msbuild/2003">
  <ItemGroup>
    <Filter Include="Resource Files">
      <UniqueIdentifier>{D9D6E242-F8AF-46E4-B9FD-80ECBC20BA3E}</UniqueIdentifier>
      <Extensions>qrc;*</Extensions>
      <ParseFiles>false</ParseFiles>
    </Filter>
    <Filter Include="Generated Files">
      <UniqueIdentifier>{71ED8ED8-ACB9-4CE9-BBE1-E00B30144E11}</UniqueIdentifier>
      <Extensions>moc;h;cpp</Extensions>
      <SourceControlFiles>False</SourceControlFiles>
    </Filter>
    <Filter Include="Main Files">
      <UniqueIdentifier>{3446f8b2-565d-418f-bb30-c845663461c8}</UniqueIdentifier>
      <Extensions>.cpp;.hpp;.h</Extensions>
    </Filter>
    <Filter Include="Generated Files\Debug">
      <UniqueIdentifier>{acf4d98a-13fd-4456-97d8-594f9ab1994d}</UniqueIdentifier>
      <Extensions>cpp;moc</Extensions>
      <SourceControlFiles>False</SourceControlFiles>
    </Filter>
    <Filter Include="Generated Files\Release">
      <UniqueIdentifier>{8525836b-dfd2-43fa-a419-cf9b0cadba17}</UniqueIdentifier>
      <Extensions>cpp;moc</Extensions>
      <SourceControlFiles>False</SourceControlFiles>
    </Filter>
    <Filter Include="Main Files\renderingSystem">
      <UniqueIdentifier>{95e2153e-29c4-46cc-9a17-ef0ef2c64542}</UniqueIdentifier>
    </Filter>
    <Filter Include="Main Files\events">
      <UniqueIdentifier>{3388edce-ff1a-44e7-a018-75e7f1dd4a8d}</UniqueIdentifier>
    </Filter>
    <Filter Include="Main Files\renderingSystem\toltec">
      <UniqueIdentifier>{e03253ef-0d98-4170-885e-a7baad82ddbf}</UniqueIdentifier>
    </Filter>
    <Filter Include="Main Files\nodes">
      <UniqueIdentifier>{936a5d1f-cdd8-4b81-998a-e1f0fa5f8a11}</UniqueIdentifier>
    </Filter>
    <Filter Include="Main Files\toltecPolygonMeshLibrary">
      <UniqueIdentifier>{e447b132-5d9d-4d4f-bfac-d79260a509a2}</UniqueIdentifier>
    </Filter>
    <Filter Include="Main Files\ui">
      <UniqueIdentifier>{fedb090e-d5df-4b81-badb-7cdb71e2434d}</UniqueIdentifier>
    </Filter>
    <Filter Include="Main Files\ui\gui">
      <UniqueIdentifier>{99d33621-165a-49ba-9a45-ea1d96e474d8}</UniqueIdentifier>
    </Filter>
    <Filter Include="Main Files\ui\commands">
      <UniqueIdentifier>{03a32da7-e5ec-41cb-a25b-b4b0559efe78}</UniqueIdentifier>
    </Filter>
    <Filter Include="Main Files\nodes\shaders">
      <UniqueIdentifier>{0b4b4032-2f00-478d-8d81-ccbf66050932}</UniqueIdentifier>
    </Filter>
    <Filter Include="Main Files\renderingSystem\toltec\openGL">
      <UniqueIdentifier>{50a3dc88-a75a-4cbf-8b58-5cd3a5d78efe}</UniqueIdentifier>
    </Filter>
    <Filter Include="Main Files\renderingSystem\openGL">
      <UniqueIdentifier>{626575ff-7ebe-4c41-9524-7d09b5fcb89d}</UniqueIdentifier>
    </Filter>
    <Filter Include="Main Files\renderingSystem\toltec\openGL\shaders">
      <UniqueIdentifier>{f9fe7cc3-532b-435e-8dca-9cdce1849570}</UniqueIdentifier>
    </Filter>
  </ItemGroup>
  <ItemGroup>
    <ClCompile Include="main.cpp">
      <Filter>Main Files</Filter>
    </ClCompile>
    <ClCompile Include="events\renderEvent.cpp">
      <Filter>Main Files\events</Filter>
    </ClCompile>
    <ClCompile Include="renderingSystem\abstractRenderer.cpp">
      <Filter>Main Files\renderingSystem</Filter>
    </ClCompile>
    <ClCompile Include="renderingSystem\renderingAPI.cpp">
      <Filter>Main Files\renderingSystem</Filter>
    </ClCompile>
    <ClCompile Include="renderManager.cpp">
      <Filter>Main Files</Filter>
    </ClCompile>
    <ClCompile Include="renderingSystem\renderingSystem.cpp">
      <Filter>Main Files\renderingSystem</Filter>
    </ClCompile>
    <ClCompile Include="renderingSystem\abstractViewport.cpp">
      <Filter>Main Files\renderingSystem</Filter>
    </ClCompile>
    <ClCompile Include="guiManager.cpp">
      <Filter>Main Files</Filter>
    </ClCompile>
    <ClCompile Include="nodes\polygonMeshNode.cpp">
      <Filter>Main Files\nodes</Filter>
    </ClCompile>
    <ClCompile Include="toltecPolygonMeshLibrary\mesh.cpp">
      <Filter>Main Files\toltecPolygonMeshLibrary</Filter>
    </ClCompile>
    <ClCompile Include="ui\gui\mainWindow.cpp">
      <Filter>Main Files\ui\gui</Filter>
    </ClCompile>
    <ClCompile Include="ui\gui\outputLineWidget.cpp">
      <Filter>Main Files\ui\gui</Filter>
    </ClCompile>
    <ClCompile Include="ui\gui\viewportPanel.cpp">
      <Filter>Main Files\ui\gui</Filter>
    </ClCompile>
    <ClCompile Include="nodes\node.cpp">
      <Filter>Main Files\nodes</Filter>
    </ClCompile>
    <ClCompile Include="resourceManager.cpp">
      <Filter>Main Files</Filter>
    </ClCompile>
    <ClCompile Include="nodes\transformNode.cpp">
      <Filter>Main Files\nodes</Filter>
    </ClCompile>
    <ClCompile Include="utils.cpp">
      <Filter>Main Files</Filter>
    </ClCompile>
    <ClCompile Include="nodes\renderableObjectNode.cpp">
      <Filter>Main Files\nodes</Filter>
    </ClCompile>
    <ClCompile Include="nodes\sceneNode.cpp">
      <Filter>Main Files\nodes</Filter>
    </ClCompile>
    <ClCompile Include="events\globalEventFilter.cpp">
      <Filter>Main Files\events</Filter>
    </ClCompile>
    <ClCompile Include="nodes\cameraNode.cpp">
      <Filter>Main Files\nodes</Filter>
    </ClCompile>
    <ClCompile Include="GeneratedFiles\Debug\moc_abstractViewport.cpp">
      <Filter>Generated Files\Debug</Filter>
    </ClCompile>
    <ClCompile Include="GeneratedFiles\Debug\moc_globalEventFilter.cpp">
      <Filter>Generated Files\Debug</Filter>
    </ClCompile>
    <ClCompile Include="GeneratedFiles\Debug\moc_mainWindow.cpp">
      <Filter>Generated Files\Debug</Filter>
    </ClCompile>
    <ClCompile Include="GeneratedFiles\Debug\moc_viewportPanel.cpp">
      <Filter>Generated Files\Debug</Filter>
    </ClCompile>
    <ClCompile Include="GeneratedFiles\Debug\moc_abstractRenderer.cpp">
      <Filter>Generated Files\Debug</Filter>
    </ClCompile>
    <ClCompile Include="nodes\shaders\shaderProgramNode.cpp">
      <Filter>Main Files\nodes\shaders</Filter>
    </ClCompile>
    <ClCompile Include="nodes\shaders\lambertSSPNode.cpp">
      <Filter>Main Files\nodes\shaders</Filter>
    </ClCompile>
    <ClCompile Include="nodes\shaders\surfaceShaderProgramNode.cpp">
      <Filter>Main Files\nodes\shaders</Filter>
    </ClCompile>
    <ClCompile Include="nodes\surfaceNode.cpp">
      <Filter>Main Files\nodes</Filter>
    </ClCompile>
    <ClCompile Include="nodes\shaders\volumeShaderProgramNode.cpp">
      <Filter>Main Files\nodes\shaders</Filter>
    </ClCompile>
    <ClCompile Include="renderingSystem\toltec\openGL\toltecOpenGLRenderer.cpp">
      <Filter>Main Files\renderingSystem\toltec\openGL</Filter>
    </ClCompile>
    <ClCompile Include="GeneratedFiles\Debug\moc_toltecOpenGLRenderer.cpp">
      <Filter>Generated Files\Debug</Filter>
    </ClCompile>
    <ClCompile Include="GeneratedFiles\Release\moc_toltecOpenGLRenderer.cpp">
      <Filter>Generated Files\Release</Filter>
    </ClCompile>
    <ClCompile Include="renderingSystem\abstractRendererResource.cpp">
      <Filter>Main Files\renderingSystem</Filter>
    </ClCompile>
    <ClCompile Include="renderingSystem\openGL\openGLViewport.cpp">
      <Filter>Main Files\renderingSystem\openGL</Filter>
    </ClCompile>
    <ClCompile Include="GeneratedFiles\Debug\moc_openGLViewport.cpp">
      <Filter>Generated Files\Debug</Filter>
    </ClCompile>
    <ClCompile Include="GeneratedFiles\Release\moc_openGLViewport.cpp">
      <Filter>Generated Files\Release</Filter>
    </ClCompile>
    <ClCompile Include="renderingSystem\openGL\vertexBuffer.cpp">
      <Filter>Main Files\renderingSystem\openGL</Filter>
    </ClCompile>
    <ClCompile Include="renderingSystem\toltec\openGL\toltecOpenGLRendererResource.cpp">
      <Filter>Main Files\renderingSystem\toltec\openGL</Filter>
    </ClCompile>
    <ClCompile Include="renderingSystem\toltec\openGL\geometry.cpp">
      <Filter>Main Files\renderingSystem\toltec\openGL</Filter>
    </ClCompile>
    <ClCompile Include="renderingSystem\toltec\openGL\renderableObject.cpp">
      <Filter>Main Files\renderingSystem\toltec\openGL</Filter>
    </ClCompile>
    <ClCompile Include="renderingSystem\openGL\indexBuffer.cpp">
      <Filter>Main Files\renderingSystem\openGL</Filter>
    </ClCompile>
    <ClCompile Include="renderingSystem\toltec\openGL\renderItem.cpp">
      <Filter>Main Files\renderingSystem\toltec\openGL</Filter>
    </ClCompile>
    <ClCompile Include="nodes\shaders\componentShaderProgramNode.cpp">
      <Filter>Main Files\nodes\shaders</Filter>
    </ClCompile>
    <ClCompile Include="nodes\shaders\pointCSPNode.cpp">
      <Filter>Main Files\nodes\shaders</Filter>
    </ClCompile>
    <ClCompile Include="nodes\shaders\lineCSPNode.cpp">
      <Filter>Main Files\nodes\shaders</Filter>
    </ClCompile>
    <ClCompile Include="nodes\shaders\planeCSPNode.cpp">
      <Filter>Main Files\nodes\shaders</Filter>
    </ClCompile>
    <ClCompile Include="renderingSystem\toltec\openGL\shaders\shaderProgram.cpp">
      <Filter>Main Files\renderingSystem\toltec\openGL\shaders</Filter>
    </ClCompile>
    <ClCompile Include="renderingSystem\toltec\openGL\shaders\shaderInstance.cpp">
      <Filter>Main Files\renderingSystem\toltec\openGL\shaders</Filter>
    </ClCompile>
    <ClCompile Include="renderingSystem\toltec\openGL\shaders\lambertShaderProgram.cpp">
      <Filter>Main Files\renderingSystem\toltec\openGL\shaders</Filter>
    </ClCompile>
    <ClCompile Include="renderingSystem\openGL\uniformUnit.cpp">
      <Filter>Main Files\renderingSystem\openGL</Filter>
    </ClCompile>
    <ClCompile Include="renderingSystem\openGL\uniform.cpp">
      <Filter>Main Files\renderingSystem\openGL</Filter>
    </ClCompile>
    <ClCompile Include="renderingSystem\openGL\uniformContainer.cpp">
      <Filter>Main Files\renderingSystem\openGL</Filter>
    </ClCompile>
    <ClCompile Include="GeneratedFiles\Debug\moc_panelContainer.cpp">
      <Filter>Generated Files\Debug</Filter>
    </ClCompile>
    <ClCompile Include="GeneratedFiles\Release\moc_panelContainer.cpp">
      <Filter>Generated Files\Release</Filter>
    </ClCompile>
    <ClCompile Include="ui\gui\panelContainer.cpp">
      <Filter>Main Files\ui\gui</Filter>
    </ClCompile>
    <ClCompile Include="GeneratedFiles\Debug\moc_abstractPanel.cpp">
      <Filter>Generated Files\Debug</Filter>
    </ClCompile>
    <ClCompile Include="GeneratedFiles\Release\moc_abstractPanel.cpp">
      <Filter>Generated Files\Release</Filter>
    </ClCompile>
    <ClCompile Include="ui\commands\creationCommands.cpp">
      <Filter>Main Files\ui\commands</Filter>
    </ClCompile>
  </ItemGroup>
  <ItemGroup>
    <CustomBuild Include="renderingSystem\abstractRenderer.hpp">
      <Filter>Main Files\renderingSystem</Filter>
    </CustomBuild>
    <CustomBuild Include="renderingSystem\abstractViewport.hpp">
      <Filter>Main Files\renderingSystem</Filter>
    </CustomBuild>
    <CustomBuild Include="ui\gui\mainWindow.hpp">
      <Filter>Main Files\ui\gui</Filter>
    </CustomBuild>
    <CustomBuild Include="ui\gui\viewportPanel.hpp">
      <Filter>Main Files\ui\gui</Filter>
    </CustomBuild>
    <CustomBuild Include="events\globalEventFilter.hpp">
      <Filter>Main Files\events</Filter>
    </CustomBuild>
    <CustomBuild Include="guiManager.hpp">
      <Filter>Main Files</Filter>
    </CustomBuild>
    <CustomBuild Include="renderManager.hpp">
      <Filter>Main Files</Filter>
    </CustomBuild>
    <CustomBuild Include="resourceManager.hpp">
      <Filter>Main Files</Filter>
    </CustomBuild>
    <CustomBuild Include="utils.hpp">
      <Filter>Main Files</Filter>
    </CustomBuild>
    <CustomBuild Include="renderingSystem\abstractRendererResource.hpp">
      <Filter>Main Files\renderingSystem</Filter>
    </CustomBuild>
    <CustomBuild Include="renderingSystem\renderingAPI.hpp">
      <Filter>Main Files\renderingSystem</Filter>
    </CustomBuild>
    <CustomBuild Include="renderingSystem\renderingSystem.hpp">
      <Filter>Main Files\renderingSystem</Filter>
    </CustomBuild>
    <CustomBuild Include="events\renderEvent.hpp">
      <Filter>Main Files\events</Filter>
    </CustomBuild>
    <CustomBuild Include="nodes\cameraNode.hpp">
      <Filter>Main Files\nodes</Filter>
    </CustomBuild>
    <CustomBuild Include="nodes\node.hpp">
      <Filter>Main Files\nodes</Filter>
    </CustomBuild>
    <CustomBuild Include="nodes\polygonMeshNode.hpp">
      <Filter>Main Files\nodes</Filter>
    </CustomBuild>
    <CustomBuild Include="nodes\renderableObjectNode.hpp">
      <Filter>Main Files\nodes</Filter>
    </CustomBuild>
    <CustomBuild Include="nodes\sceneNode.hpp">
      <Filter>Main Files\nodes</Filter>
    </CustomBuild>
    <CustomBuild Include="nodes\transformNode.hpp">
      <Filter>Main Files\nodes</Filter>
    </CustomBuild>
    <CustomBuild Include="toltecPolygonMeshLibrary\mesh.hpp">
      <Filter>Main Files\toltecPolygonMeshLibrary</Filter>
    </CustomBuild>
    <CustomBuild Include="ui\gui\outputLineWidget.hpp">
      <Filter>Main Files\ui\gui</Filter>
    </CustomBuild>
    <CustomBuild Include="renderingSystem\toltec\openGL\toltecOpenGLRenderer.hpp">
      <Filter>Main Files\renderingSystem\toltec\openGL</Filter>
    </CustomBuild>
    <CustomBuild Include="20160924001.cd" />
    <CustomBuild Include="renderingSystem\openGL\openGLViewport.hpp">
      <Filter>Main Files\renderingSystem\openGL</Filter>
    </CustomBuild>
    <CustomBuild Include="ui\gui\panelContainer.hpp">
      <Filter>Main Files\ui\gui</Filter>
    </CustomBuild>
    <CustomBuild Include="ui\gui\abstractPanel.hpp">
      <Filter>Main Files\ui\gui</Filter>
    </CustomBuild>
  </ItemGroup>
  <ItemGroup>
    <ClInclude Include="nodes\shaders\shaderProgramNode.hpp">
      <Filter>Main Files\nodes\shaders</Filter>
    </ClInclude>
    <ClInclude Include="nodes\shaders\surfaceShaderProgramNode.hpp">
      <Filter>Main Files\nodes\shaders</Filter>
    </ClInclude>
    <ClInclude Include="nodes\shaders\lambertSSPNode.hpp">
      <Filter>Main Files\nodes\shaders</Filter>
    </ClInclude>
    <ClInclude Include="nodes\shaders\volumeShaderProgramNode.hpp">
      <Filter>Main Files\nodes\shaders</Filter>
    </ClInclude>
    <ClInclude Include="nodes\surfaceNode.hpp">
      <Filter>Main Files\nodes</Filter>
    </ClInclude>
    <ClInclude Include="renderingSystem\toltec\openGL\toltecOpenGLRendererResource.hpp">
      <Filter>Main Files\renderingSystem\toltec\openGL</Filter>
    </ClInclude>
    <ClInclude Include="renderingSystem\toltec\openGL\geometry.hpp">
      <Filter>Main Files\renderingSystem\toltec\openGL</Filter>
    </ClInclude>
    <ClInclude Include="renderingSystem\toltec\openGL\renderableObject.hpp">
      <Filter>Main Files\renderingSystem\toltec\openGL</Filter>
    </ClInclude>
    <ClInclude Include="renderingSystem\openGL\vertexBuffer.hpp">
      <Filter>Main Files\renderingSystem\openGL</Filter>
    </ClInclude>
    <ClInclude Include="renderingSystem\openGL\indexBuffer.hpp">
      <Filter>Main Files\renderingSystem\openGL</Filter>
    </ClInclude>
    <ClInclude Include="renderingSystem\toltec\openGL\renderItem.hpp">
      <Filter>Main Files\renderingSystem\toltec\openGL</Filter>
    </ClInclude>
    <ClInclude Include="nodes\shaders\componentShaderProgramNode.hpp">
      <Filter>Main Files\nodes\shaders</Filter>
    </ClInclude>
    <ClInclude Include="nodes\shaders\pointCSPNode.hpp">
      <Filter>Main Files\nodes\shaders</Filter>
    </ClInclude>
    <ClInclude Include="nodes\shaders\lineCSPNode.hpp">
      <Filter>Main Files\nodes\shaders</Filter>
    </ClInclude>
    <ClInclude Include="nodes\shaders\planeCSPNode.hpp">
      <Filter>Main Files\nodes\shaders</Filter>
    </ClInclude>
    <ClInclude Include="renderingSystem\toltec\openGL\shaders\shaderInstance.hpp">
      <Filter>Main Files\renderingSystem\toltec\openGL\shaders</Filter>
    </ClInclude>
    <ClInclude Include="renderingSystem\toltec\openGL\shaders\shaderProgram.hpp">
      <Filter>Main Files\renderingSystem\toltec\openGL\shaders</Filter>
    </ClInclude>
    <ClInclude Include="renderingSystem\toltec\openGL\shaders\lambertShaderProgram.hpp">
      <Filter>Main Files\renderingSystem\toltec\openGL\shaders</Filter>
    </ClInclude>
    <ClInclude Include="renderingSystem\openGL\uniformUnit.hpp">
      <Filter>Main Files\renderingSystem\openGL</Filter>
    </ClInclude>
    <ClInclude Include="renderingSystem\openGL\uniform.hpp">
      <Filter>Main Files\renderingSystem\openGL</Filter>
    </ClInclude>
    <ClInclude Include="renderingSystem\openGL\uniformContainer.hpp">
      <Filter>Main Files\renderingSystem\openGL</Filter>
    </ClInclude>
    <ClInclude Include="ui\commands\generalCommands.hpp">
      <Filter>Main Files\ui\commands</Filter>
    </ClInclude>
    <ClInclude Include="ui\commands\creationCommands.hpp">
      <Filter>Main Files\ui\commands</Filter>
    </ClInclude>
  </ItemGroup>
  <ItemGroup>
    <None Include="20170122001.cd" />
    <None Include="20170527001.cd" />
  </ItemGroup>
</Project>