<?xml version="1.0" encoding="utf-8"?>
<Project ToolsVersion="4.0" xmlns="http://schemas.microsoft.com/developer/msbuild/2003">
  <ItemGroup>
    <Filter Include="Resource Files">
      <UniqueIdentifier>{D9D6E242-F8AF-46E4-B9FD-80ECBC20BA3E}</UniqueIdentifier>
      <Extensions>qrc;*</Extensions>
      <ParseFiles>false</ParseFiles>
    </Filter>
    <Filter Include="Generated Files">
      <UniqueIdentifier>{71ED8ED8-ACB9-4CE9-BBE1-E00B30144E11}</UniqueIdentifier>
      <Extensions>moc;h;cpp</Extensions>
      <SourceControlFiles>False</SourceControlFiles>
    </Filter>
    <Filter Include="Main Files">
      <UniqueIdentifier>{3446f8b2-565d-418f-bb30-c845663461c8}</UniqueIdentifier>
      <Extensions>.cpp;.hpp;.h</Extensions>
    </Filter>
    <Filter Include="Generated Files\Debug">
      <UniqueIdentifier>{acf4d98a-13fd-4456-97d8-594f9ab1994d}</UniqueIdentifier>
      <Extensions>cpp;moc</Extensions>
      <SourceControlFiles>False</SourceControlFiles>
    </Filter>
    <Filter Include="Generated Files\Release">
      <UniqueIdentifier>{8525836b-dfd2-43fa-a419-cf9b0cadba17}</UniqueIdentifier>
      <Extensions>cpp;moc</Extensions>
      <SourceControlFiles>False</SourceControlFiles>
    </Filter>
    <Filter Include="Main Files\renderingSystem">
      <UniqueIdentifier>{95e2153e-29c4-46cc-9a17-ef0ef2c64542}</UniqueIdentifier>
    </Filter>
    <Filter Include="Main Files\events">
      <UniqueIdentifier>{3388edce-ff1a-44e7-a018-75e7f1dd4a8d}</UniqueIdentifier>
    </Filter>
    <Filter Include="Main Files\renderingSystem\toltec">
      <UniqueIdentifier>{e03253ef-0d98-4170-885e-a7baad82ddbf}</UniqueIdentifier>
    </Filter>
    <Filter Include="Main Files\nodes">
      <UniqueIdentifier>{936a5d1f-cdd8-4b81-998a-e1f0fa5f8a11}</UniqueIdentifier>
    </Filter>
    <Filter Include="Main Files\toltecPolygonMeshLibrary">
      <UniqueIdentifier>{e447b132-5d9d-4d4f-bfac-d79260a509a2}</UniqueIdentifier>
    </Filter>
    <Filter Include="Main Files\ui">
      <UniqueIdentifier>{fedb090e-d5df-4b81-badb-7cdb71e2434d}</UniqueIdentifier>
    </Filter>
    <Filter Include="Main Files\ui\gui">
      <UniqueIdentifier>{99d33621-165a-49ba-9a45-ea1d96e474d8}</UniqueIdentifier>
    </Filter>
    <Filter Include="Main Files\ui\commands">
      <UniqueIdentifier>{03a32da7-e5ec-41cb-a25b-b4b0559efe78}</UniqueIdentifier>
    </Filter>
  </ItemGroup>
  <ItemGroup>
    <ClCompile Include="main.cpp">
      <Filter>Main Files</Filter>
    </ClCompile>
    <ClCompile Include="GeneratedFiles\Debug\moc_abstractRenderer.cpp">
      <Filter>Generated Files\Debug</Filter>
    </ClCompile>
    <ClCompile Include="GeneratedFiles\Release\moc_abstractRenderer.cpp">
      <Filter>Generated Files\Release</Filter>
    </ClCompile>
    <ClCompile Include="events\renderEvent.cpp">
      <Filter>Main Files\events</Filter>
    </ClCompile>
    <ClCompile Include="renderingSystem\abstractRenderer.cpp">
      <Filter>Main Files\renderingSystem</Filter>
    </ClCompile>
    <ClCompile Include="GeneratedFiles\Debug\moc_toltecOpenGLRenderer.cpp">
      <Filter>Generated Files\Debug</Filter>
    </ClCompile>
    <ClCompile Include="GeneratedFiles\Release\moc_toltecOpenGLRenderer.cpp">
      <Filter>Generated Files\Release</Filter>
    </ClCompile>
    <ClCompile Include="renderingSystem\renderingAPI.cpp">
      <Filter>Main Files\renderingSystem</Filter>
    </ClCompile>
    <ClCompile Include="renderManager.cpp">
      <Filter>Main Files</Filter>
    </ClCompile>
    <ClCompile Include="renderingSystem\renderingSystem.cpp">
      <Filter>Main Files\renderingSystem</Filter>
    </ClCompile>
    <ClCompile Include="renderingSystem\toltec\toltecOpenGLRenderer.cpp">
      <Filter>Main Files\renderingSystem\toltec</Filter>
    </ClCompile>
    <ClCompile Include="renderingSystem\abstractViewport.cpp">
      <Filter>Main Files\renderingSystem</Filter>
    </ClCompile>
    <ClCompile Include="guiManager.cpp">
      <Filter>Main Files</Filter>
    </ClCompile>
    <ClCompile Include="renderingSystem\openGLViewport.cpp">
      <Filter>Main Files\renderingSystem</Filter>
    </ClCompile>
    <ClCompile Include="nodes\polygonMeshNode.cpp">
      <Filter>Main Files\nodes</Filter>
    </ClCompile>
    <ClCompile Include="toltecPolygonMeshLibrary\mesh.cpp">
      <Filter>Main Files\toltecPolygonMeshLibrary</Filter>
    </ClCompile>
    <ClCompile Include="ui\gui\mainWindow.cpp">
      <Filter>Main Files\ui\gui</Filter>
    </ClCompile>
    <ClCompile Include="GeneratedFiles\Debug\moc_mainWindow.cpp">
      <Filter>Generated Files\Debug</Filter>
    </ClCompile>
    <ClCompile Include="GeneratedFiles\Release\moc_mainWindow.cpp">
      <Filter>Generated Files\Release</Filter>
    </ClCompile>
    <ClCompile Include="ui\gui\outputLineWidget.cpp">
      <Filter>Main Files\ui\gui</Filter>
    </ClCompile>
    <ClCompile Include="ui\gui\viewportPanel.cpp">
      <Filter>Main Files\ui\gui</Filter>
    </ClCompile>
    <ClCompile Include="GeneratedFiles\Debug\moc_viewportPanel.cpp">
      <Filter>Generated Files\Debug</Filter>
    </ClCompile>
    <ClCompile Include="GeneratedFiles\Release\moc_viewportPanel.cpp">
      <Filter>Generated Files\Release</Filter>
    </ClCompile>
  </ItemGroup>
  <ItemGroup>
    <CustomBuild Include="renderingSystem\abstractRenderer.hpp">
      <Filter>Main Files\renderingSystem</Filter>
    </CustomBuild>
    <CustomBuild Include="renderingSystem\abstractViewport.hpp">
      <Filter>Main Files\renderingSystem</Filter>
    </CustomBuild>
    <CustomBuild Include="renderingSystem\toltec\toltecOpenGLRenderer.hpp">
      <Filter>Main Files\renderingSystem\toltec</Filter>
    </CustomBuild>
    <CustomBuild Include="renderingSystem\toltec\toltecOpenGLRendererResource.hpp">
      <Filter>Main Files\renderingSystem\toltec</Filter>
    </CustomBuild>
    <CustomBuild Include="ui\gui\mainWindow.hpp">
      <Filter>Main Files\ui\gui</Filter>
    </CustomBuild>
    <CustomBuild Include="ui\gui\viewportPanel.hpp">
      <Filter>Main Files\ui\gui</Filter>
    </CustomBuild>
  </ItemGroup>
  <ItemGroup>
    <ClInclude Include="utils.hpp">
      <Filter>Main Files</Filter>
    </ClInclude>
    <ClInclude Include="events\renderEvent.hpp">
      <Filter>Main Files\events</Filter>
    </ClInclude>
    <ClInclude Include="renderingSystem\abstractRendererResource.hpp">
      <Filter>Main Files\renderingSystem</Filter>
    </ClInclude>
    <ClInclude Include="renderingSystem\renderingAPI.hpp">
      <Filter>Main Files\renderingSystem</Filter>
    </ClInclude>
    <ClInclude Include="renderManager.hpp">
      <Filter>Main Files</Filter>
    </ClInclude>
    <ClInclude Include="renderingSystem\renderingSystem.hpp">
      <Filter>Main Files\renderingSystem</Filter>
    </ClInclude>
    <ClInclude Include="renderingSystem\openGLViewport.hpp">
      <Filter>Main Files\renderingSystem</Filter>
    </ClInclude>
    <ClInclude Include="guiManager.hpp">
      <Filter>Main Files</Filter>
    </ClInclude>
    <ClInclude Include="nodes\node.hpp">
      <Filter>Main Files\nodes</Filter>
    </ClInclude>
    <ClInclude Include="nodes\scene3DNode.hpp">
      <Filter>Main Files\nodes</Filter>
    </ClInclude>
    <ClInclude Include="nodes\transformNode.hpp">
      <Filter>Main Files\nodes</Filter>
    </ClInclude>
    <ClInclude Include="nodes\polygonMeshNode.hpp">
      <Filter>Main Files\nodes</Filter>
    </ClInclude>
    <ClInclude Include="toltecPolygonMeshLibrary\mesh.hpp">
      <Filter>Main Files\toltecPolygonMeshLibrary</Filter>
    </ClInclude>
    <ClInclude Include="toltecPolygonMeshLibrary\math.hpp">
      <Filter>Main Files\toltecPolygonMeshLibrary</Filter>
    </ClInclude>
    <ClInclude Include="nodes\renderableObjectNode.hpp">
      <Filter>Main Files\nodes</Filter>
    </ClInclude>
    <ClInclude Include="ui\gui\outputLineWidget.hpp">
      <Filter>Main Files\ui\gui</Filter>
    </ClInclude>
  </ItemGroup>
</Project>